
Microsoft Visual Studio Solution File, Format Version 12.00
# Visual Studio Version 16
VisualStudioVersion = 16.0.31624.102
MinimumVisualStudioVersion = 10.0.40219.1
Project("{9A19103F-16F7-4668-BE54-9A1E7A4F7556}") = "RealEstateRentalAdmin", "RealEstateRentalAdmin\RealEstateRentalAdmin.csproj", "{EAFC2544-6285-4F43-A9C5-38CFA2448770}"
EndProject
Project("{9A19103F-16F7-4668-BE54-9A1E7A4F7556}") = "RealEstateRentalAdmin.Data", "RealEstateRentalAdmin.Data\RealEstateRentalAdmin.Data.csproj", "{62287579-104C-40DF-8762-02FF615DC118}"
EndProject
Project("{9A19103F-16F7-4668-BE54-9A1E7A4F7556}") = "RealEstateRentalAdmin.Models", "RealEstateRentalAdmin.Models\RealEstateRentalAdmin.Models.csproj", "{B7731624-CEA3-45B1-A2E5-D8D0F1E7E82F}"
EndProject
Project("{FAE04EC0-301F-11D3-BF4B-00C04F79EFBC}") = "RealEstateTestProject1", "RealEstateTestProject1\RealEstateTestProject1.csproj", "{4D34D2C0-98F3-479B-B6BA-5427B50D72CE}"
	ProjectSection(ProjectDependencies) = postProject
		{62287579-104C-40DF-8762-02FF615DC118} = {62287579-104C-40DF-8762-02FF615DC118}
	EndProjectSection
EndProject
Global
	GlobalSection(SolutionConfigurationPlatforms) = preSolution
		Debug|Any CPU = Debug|Any CPU
		Release|Any CPU = Release|Any CPU
	EndGlobalSection
	GlobalSection(ProjectConfigurationPlatforms) = postSolution
		{EAFC2544-6285-4F43-A9C5-38CFA2448770}.Debug|Any CPU.ActiveCfg = Debug|Any CPU
		{EAFC2544-6285-4F43-A9C5-38CFA2448770}.Debug|Any CPU.Build.0 = Debug|Any CPU
		{EAFC2544-6285-4F43-A9C5-38CFA2448770}.Release|Any CPU.ActiveCfg = Release|Any CPU
		{EAFC2544-6285-4F43-A9C5-38CFA2448770}.Release|Any CPU.Build.0 = Release|Any CPU
		{62287579-104C-40DF-8762-02FF615DC118}.Debug|Any CPU.ActiveCfg = Debug|Any CPU
		{62287579-104C-40DF-8762-02FF615DC118}.Debug|Any CPU.Build.0 = Debug|Any CPU
		{62287579-104C-40DF-8762-02FF615DC118}.Release|Any CPU.ActiveCfg = Release|Any CPU
		{62287579-104C-40DF-8762-02FF615DC118}.Release|Any CPU.Build.0 = Release|Any CPU
		{B7731624-CEA3-45B1-A2E5-D8D0F1E7E82F}.Debug|Any CPU.ActiveCfg = Debug|Any CPU
		{B7731624-CEA3-45B1-A2E5-D8D0F1E7E82F}.Debug|Any CPU.Build.0 = Debug|Any CPU
		{B7731624-CEA3-45B1-A2E5-D8D0F1E7E82F}.Release|Any CPU.ActiveCfg = Release|Any CPU
		{B7731624-CEA3-45B1-A2E5-D8D0F1E7E82F}.Release|Any CPU.Build.0 = Release|Any CPU
		{4D34D2C0-98F3-479B-B6BA-5427B50D72CE}.Debug|Any CPU.ActiveCfg = Debug|Any CPU
		{4D34D2C0-98F3-479B-B6BA-5427B50D72CE}.Debug|Any CPU.Build.0 = Debug|Any CPU
		{4D34D2C0-98F3-479B-B6BA-5427B50D72CE}.Release|Any CPU.ActiveCfg = Release|Any CPU
		{4D34D2C0-98F3-479B-B6BA-5427B50D72CE}.Release|Any CPU.Build.0 = Release|Any CPU
	EndGlobalSection
	GlobalSection(SolutionProperties) = preSolution
		HideSolutionNode = FALSE
	EndGlobalSection
	GlobalSection(ExtensibilityGlobals) = postSolution
		SolutionGuid = {0BE51ABD-F437-43F5-9C6C-463A6654CFE9}
	EndGlobalSection
EndGlobal
